schema: '2.0'
stages:
  data_ingestion:
    cmd: python src/components/data_ingestion.py
    deps:
    - path: src/components/data_ingestion.py
      hash: md5
      md5: 13fefdfa5a9090e6ccb346739cebb14a
      size: 3885
    - path: src/config/config.py
      hash: md5
      md5: 49182d82c5dc6f7c52acb69b29bf17aa
      size: 922
    outs:
    - path: data/raw/test.csv
      hash: md5
      md5: ea97ba82a4a25627bf4ffb52572484ea
      size: 1348612
    - path: data/raw/train.csv
      hash: md5
      md5: 1bd422dd6d135bced1d6c64a3e84a45d
      size: 5571089
  data_preprocessing:
    cmd: python src/components/data_preprocessing.py
    deps:
    - path: data/raw/test.csv
      hash: md5
      md5: ea97ba82a4a25627bf4ffb52572484ea
      size: 1348612
    - path: data/raw/train.csv
      hash: md5
      md5: 1bd422dd6d135bced1d6c64a3e84a45d
      size: 5571089
    - path: src/components/data_preprocessing.py
      hash: md5
      md5: c4f9d831279d766415fe1c6e4ac42c52
      size: 3722
    - path: src/config/config.py
      hash: md5
      md5: 49182d82c5dc6f7c52acb69b29bf17aa
      size: 922
    outs:
    - path: data/interim/test_processed.csv
      hash: md5
      md5: 4f30375397ec89fead1745ee6d70f201
      size: 1000526
    - path: data/interim/train_processed.csv
      hash: md5
      md5: 35027dfda8274bd9356544f2ff358aa4
      size: 4134324
  model_building:
    cmd: python src/model/model_building.py
    deps:
    - path: data/interim/train_processed.csv
      hash: md5
      md5: 35027dfda8274bd9356544f2ff358aa4
      size: 4134324
    - path: src/model/model_building.py
      hash: md5
      md5: 7e6a522f542332755cdd8708067dcb99
      size: 5629
    params:
      params.yaml:
        model_building.learning_rate: 0.09
        model_building.max_depth: 20
        model_building.max_features: 1000
        model_building.n_estimators: 367
        model_building.ngram_range:
        - 1
        - 3
    outs:
    - path: lgbm_model.pkl
      hash: md5
      md5: 489f2d0778a8f4903dfde4d3f0f0d567
      size: 3904327
    - path: tfidf_vectorizer.pkl
      hash: md5
      md5: 7b7181b9c5583889a33cd6a29ceb4f43
      size: 32873
  model_evaluation:
    cmd: python src/model/model_evaluation.py
    deps:
    - path: data/interim/test_processed.csv
      hash: md5
      md5: 4f30375397ec89fead1745ee6d70f201
      size: 1000526
    - path: data/interim/train_processed.csv
      hash: md5
      md5: 35027dfda8274bd9356544f2ff358aa4
      size: 4134324
    - path: lgbm_model.pkl
      hash: md5
      md5: 489f2d0778a8f4903dfde4d3f0f0d567
      size: 3904327
    - path: src/model/model_evaluation.py
      hash: md5
      md5: c999a373c34f916f6dbe54eb214aaa5e
      size: 7393
    - path: tfidf_vectorizer.pkl
      hash: md5
      md5: d783d05a6ff86eddf8a97a315f8e804d
      size: 32873
    outs:
    - path: experiment_info.json
      hash: md5
      md5: 88d3537a66ff87cd38a0c028db825f61
      size: 179
  model_registration:
    cmd: python src/model/register_model.py
    deps:
    - path: experiment_info.json
      hash: md5
      md5: 88d3537a66ff87cd38a0c028db825f61
      size: 179
    - path: src/model/register_model.py
      hash: md5
      md5: 17c925a761ef71b085f38aeb4a128357
      size: 2478
  model_trainer:
    cmd: python src/components/model_trainer.py
    deps:
    - path: data/interim/train_processed.csv
      hash: md5
      md5: 35027dfda8274bd9356544f2ff358aa4
      size: 4134324
    - path: src/components/model_trainer.py
      hash: md5
      md5: dbc6fc7c2f1228ab9db1895f0725b361
      size: 4434
    - path: src/config/config.py
      hash: md5
      md5: 49182d82c5dc6f7c52acb69b29bf17aa
      size: 922
    - path: src/entity/artifact.py
      hash: md5
      md5: 02dfa1dc002f67fdbab4393ab232dd8b
      size: 613
    - path: src/utils/logger.py
      hash: md5
      md5: f62de40488eb1649df17248da9de8796
      size: 982
    outs:
    - path: models/tfidf_vectorizer.pkl
      hash: md5
      md5: f86120c701e4e8eec585249c62a03b5b
      size: 32873
    - path: models/trained_model.pkl
      hash: md5
      md5: 489f2d0778a8f4903dfde4d3f0f0d567
      size: 3904327
  model_evaluator:
    cmd: python src/components/model_evaluator.py
    deps:
    - path: data/interim/test_processed.csv
      hash: md5
      md5: 4f30375397ec89fead1745ee6d70f201
      size: 1000526
    - path: models/tfidf_vectorizer.pkl
      hash: md5
      md5: f86120c701e4e8eec585249c62a03b5b
      size: 32873
    - path: models/trained_model.pkl
      hash: md5
      md5: 489f2d0778a8f4903dfde4d3f0f0d567
      size: 3904327
    - path: src/components/model_evaluator.py
      hash: md5
      md5: b9cfbead295827e5c1039768ad929848
      size: 7585
    - path: src/config/config.yaml
      hash: md5
      md5: acfcdf4092eb201978436fd632fdb3de
      size: 706
    - path: src/utils/logger.py
      hash: md5
      md5: f62de40488eb1649df17248da9de8796
      size: 982
    outs:
    - path: reports/confusion_matrix.png
      hash: md5
      md5: fe292f983cf1076f679518b1d7d27644
      size: 20250
    - path: reports/metrics.json
      hash: md5
      md5: f55b00201bca4e6d6c6312f1d21f3982
      size: 902
